// !$*UTF8*$!
{
	archiveVersion = 1;
	classes = {
	};
	objectVersion = 46;
	objects = {

/* Begin PBXAggregateTarget section */
		30EB506B577A402AAB53F01B /* ZERO_CHECK */ = {
			isa = PBXAggregateTarget;
			buildConfigurationList = 1A4634B6FF9C4F87BD76BBE7 /* Build configuration list for PBXAggregateTarget "ZERO_CHECK" */;
			buildPhases = (
				E3CC53914E90471F9CF09C5D /* CMake Rules */,
			);
			dependencies = (
			);
			name = ZERO_CHECK;
			productName = ZERO_CHECK;
		};
		8DB1AAC67D3744049636D3A2 /* ALL_BUILD */ = {
			isa = PBXAggregateTarget;
			buildConfigurationList = 905F4E7489D34509B70FBDF9 /* Build configuration list for PBXAggregateTarget "ALL_BUILD" */;
			buildPhases = (
				77F6680D3D914090A66F30E3 /* CMake Rules */,
			);
			dependencies = (
				F6355245CC9A449A9D39EFA7 /* PBXTargetDependency */,
				41E18D567EAE4FBE923FFEA7 /* PBXTargetDependency */,
			);
			name = ALL_BUILD;
			productName = ALL_BUILD;
		};
/* End PBXAggregateTarget section */

/* Begin PBXBuildFile section */
		1174374AFD004132AE7A0834 /* /Users/adityaborde/Self-Driving-Car-ND/Term 3/P1/CarND-Path-Planning-Project-master 2/CMakeLists.txt */ = {isa = PBXBuildFile; fileRef = 87698560230C4DAD9DBF5F41 /* /Users/adityaborde/Self-Driving-Car-ND/Term 3/P1/CarND-Path-Planning-Project-master 2/CMakeLists.txt */; };
		A5C15E122F374B59B15D2160 /* /Users/adityaborde/Self-Driving-Car-ND/Term 3/P1/CarND-Path-Planning-Project-master 2/src/main.cpp */ = {isa = PBXBuildFile; fileRef = 21CDD5AA216D43F2A7C4E164 /* /Users/adityaborde/Self-Driving-Car-ND/Term 3/P1/CarND-Path-Planning-Project-master 2/src/main.cpp */; };
/* End PBXBuildFile section */

/* Begin PBXBuildStyle section */
		373C27E5275D43AF96174444 /* Debug */ = {
			isa = PBXBuildStyle;
			buildSettings = {
				COPY_PHASE_STRIP = NO;
			};
			name = Debug;
		};
		5211DBA69EED4B9AA2372A7A /* MinSizeRel */ = {
			isa = PBXBuildStyle;
			buildSettings = {
				COPY_PHASE_STRIP = NO;
			};
			name = MinSizeRel;
		};
		84C39507D71344AD8D764321 /* RelWithDebInfo */ = {
			isa = PBXBuildStyle;
			buildSettings = {
				COPY_PHASE_STRIP = NO;
			};
			name = RelWithDebInfo;
		};
		CEBEF19E339B4E8AB4B8045B /* Release */ = {
			isa = PBXBuildStyle;
			buildSettings = {
				COPY_PHASE_STRIP = NO;
			};
			name = Release;
		};
/* End PBXBuildStyle section */

/* Begin PBXContainerItemProxy section */
		563D887BFD5C4C30A42AB724 /* PBXContainerItemProxy */ = {
			isa = PBXContainerItemProxy;
			containerPortal = AE15C21E436B4B49BF61655E /* Project object */;
			proxyType = 1;
			remoteGlobalIDString = 30EB506B577A402AAB53F01B;
			remoteInfo = ZERO_CHECK;
		};
		9129E07D7ADB47D3ACA8C457 /* PBXContainerItemProxy */ = {
			isa = PBXContainerItemProxy;
			containerPortal = AE15C21E436B4B49BF61655E /* Project object */;
			proxyType = 1;
			remoteGlobalIDString = 9A92B1FCB229410EBD4753DF;
			remoteInfo = path_planning;
		};
		D66DE2DC4EA34E23809B8169 /* PBXContainerItemProxy */ = {
			isa = PBXContainerItemProxy;
			containerPortal = AE15C21E436B4B49BF61655E /* Project object */;
			proxyType = 1;
			remoteGlobalIDString = 30EB506B577A402AAB53F01B;
			remoteInfo = ZERO_CHECK;
		};
/* End PBXContainerItemProxy section */

/* Begin PBXFileReference section */
		21CDD5AA216D43F2A7C4E164 /* /Users/adityaborde/Self-Driving-Car-ND/Term 3/P1/CarND-Path-Planning-Project-master 2/src/main.cpp */ = {isa = PBXFileReference; explicitFileType = sourcecode.cpp.cpp; fileEncoding = 4; name = main.cpp; path = src/main.cpp; sourceTree = SOURCE_ROOT; };
		650A09373B244889B92FE05E /* /Users/adityaborde/Self-Driving-Car-ND/Term 3/P1/CarND-Path-Planning-Project-master 2/CMakeLists.txt */ = {isa = PBXFileReference; explicitFileType = sourcecode.text; fileEncoding = 4; name = CMakeLists.txt; path = CMakeLists.txt; sourceTree = SOURCE_ROOT; };
		6BC9A87508F64EFAB0735619 /* /Users/adityaborde/Self-Driving-Car-ND/Term 3/P1/CarND-Path-Planning-Project-master 2/CMakeLists.txt */ = {isa = PBXFileReference; explicitFileType = sourcecode.text; fileEncoding = 4; name = CMakeLists.txt; path = CMakeLists.txt; sourceTree = SOURCE_ROOT; };
		874F32F02FC444EB93162C0B /* path_planning */ = {isa = PBXFileReference; explicitFileType = "compiled.mach-o.executable"; path = path_planning; sourceTree = BUILT_PRODUCTS_DIR; };
		87698560230C4DAD9DBF5F41 /* /Users/adityaborde/Self-Driving-Car-ND/Term 3/P1/CarND-Path-Planning-Project-master 2/CMakeLists.txt */ = {isa = PBXFileReference; explicitFileType = sourcecode.text; fileEncoding = 4; name = CMakeLists.txt; path = CMakeLists.txt; sourceTree = SOURCE_ROOT; };
/* End PBXFileReference section */

/* Begin PBXGroup section */
		1A385FFA365F4E65B1A0EC83 /* ALL_BUILD */ = {
			isa = PBXGroup;
			children = (
				9F9B2B2366F4499B9FFD5CFB /* CMake Rules */,
				6BC9A87508F64EFAB0735619 /* /Users/adityaborde/Self-Driving-Car-ND/Term 3/P1/CarND-Path-Planning-Project-master 2/CMakeLists.txt */,
			);
			name = ALL_BUILD;
			sourceTree = "<group>";
		};
		2C81F63894874674BD5E72C4 = {
			isa = PBXGroup;
			children = (
				FD4A0E831F684FBA8F2AA3AC /* path_planning */,
				1A385FFA365F4E65B1A0EC83 /* ALL_BUILD */,
				48993B34E2644140A7C481F4 /* ZERO_CHECK */,
				9FDDD200D7124065975B220D /* Products */,
			);
			sourceTree = "<group>";
		};
		48993B34E2644140A7C481F4 /* ZERO_CHECK */ = {
			isa = PBXGroup;
			children = (
				5543D2C350BA4BB68A1E520E /* CMake Rules */,
				650A09373B244889B92FE05E /* /Users/adityaborde/Self-Driving-Car-ND/Term 3/P1/CarND-Path-Planning-Project-master 2/CMakeLists.txt */,
			);
			name = ZERO_CHECK;
			sourceTree = "<group>";
		};
		5543D2C350BA4BB68A1E520E /* CMake Rules */ = {
			isa = PBXGroup;
			children = (
			);
			name = "CMake Rules";
			sourceTree = "<group>";
		};
		6AAFA7608FA544579F25BE49 /* Source Files */ = {
			isa = PBXGroup;
			children = (
				21CDD5AA216D43F2A7C4E164 /* /Users/adityaborde/Self-Driving-Car-ND/Term 3/P1/CarND-Path-Planning-Project-master 2/src/main.cpp */,
			);
			name = "Source Files";
			sourceTree = "<group>";
		};
		9F9B2B2366F4499B9FFD5CFB /* CMake Rules */ = {
			isa = PBXGroup;
			children = (
			);
			name = "CMake Rules";
			sourceTree = "<group>";
		};
		9FDDD200D7124065975B220D /* Products */ = {
			isa = PBXGroup;
			children = (
				874F32F02FC444EB93162C0B /* path_planning */,
			);
			name = Products;
			sourceTree = "<group>";
		};
		FD4A0E831F684FBA8F2AA3AC /* path_planning */ = {
			isa = PBXGroup;
			children = (
				6AAFA7608FA544579F25BE49 /* Source Files */,
				87698560230C4DAD9DBF5F41 /* /Users/adityaborde/Self-Driving-Car-ND/Term 3/P1/CarND-Path-Planning-Project-master 2/CMakeLists.txt */,
			);
			name = path_planning;
			sourceTree = "<group>";
		};
/* End PBXGroup section */

/* Begin PBXNativeTarget section */
		9A92B1FCB229410EBD4753DF /* path_planning */ = {
			isa = PBXNativeTarget;
			buildConfigurationList = EC093E8E49954EB78ACE750A /* Build configuration list for PBXNativeTarget "path_planning" */;
			buildPhases = (
				524A82882AFD46A6A22D55C1 /* Sources */,
			);
			buildRules = (
			);
			dependencies = (
				4D3B2504A40E41FEA3FB4987 /* PBXTargetDependency */,
			);
			name = path_planning;
			productName = path_planning;
			productReference = 874F32F02FC444EB93162C0B /* path_planning */;
			productType = "com.apple.product-type.tool";
		};
/* End PBXNativeTarget section */

/* Begin PBXProject section */
		AE15C21E436B4B49BF61655E /* Project object */ = {
			isa = PBXProject;
			attributes = {
				BuildIndependentTargetsInParallel = YES;
				LastUpgradeCheck = 0930;
			};
			buildConfigurationList = CE6C9F1A601843AEA3D4F9AC /* Build configuration list for PBXProject "Path_Planning" */;
			buildSettings = {
			};
			buildStyles = (
				373C27E5275D43AF96174444 /* Debug */,
				CEBEF19E339B4E8AB4B8045B /* Release */,
				5211DBA69EED4B9AA2372A7A /* MinSizeRel */,
				84C39507D71344AD8D764321 /* RelWithDebInfo */,
			);
			compatibilityVersion = "Xcode 3.2";
			hasScannedForEncodings = 0;
			mainGroup = 2C81F63894874674BD5E72C4;
			projectDirPath = .;
			projectRoot = "";
			targets = (
				8DB1AAC67D3744049636D3A2 /* ALL_BUILD */,
				30EB506B577A402AAB53F01B /* ZERO_CHECK */,
				9A92B1FCB229410EBD4753DF /* path_planning */,
			);
		};
/* End PBXProject section */

/* Begin PBXShellScriptBuildPhase section */
		3AB2570728FC4E48B2D84EFD = {
			isa = PBXShellScriptBuildPhase;
			buildActionMask = 2147483647;
			files = (
			);
			inputPaths = (
			);
			outputPaths = (
			);
			runOnlyForDeploymentPostprocessing = 0;
			shellPath = /bin/sh;
			shellScript = "# shell script goes here
exit 0";
			showEnvVarsInLog = 0;
		};
		6DCEA4955519486591622E72 = {
			isa = PBXShellScriptBuildPhase;
			buildActionMask = 2147483647;
			files = (
			);
			inputPaths = (
			);
			outputPaths = (
			);
			runOnlyForDeploymentPostprocessing = 0;
			shellPath = /bin/sh;
			shellScript = "# shell script goes here
exit 0";
			showEnvVarsInLog = 0;
		};
		77F6680D3D914090A66F30E3 /* CMake Rules */ = {
			isa = PBXShellScriptBuildPhase;
			buildActionMask = 2147483647;
			files = (
			);
			name = "CMake Rules";
			runOnlyForDeploymentPostprocessing = 0;
			shellPath = /bin/sh;
			shellScript = "make -C /Users/adityaborde/Self-Driving-Car-ND/Term\\ 3/P1/CarND-Path-Planning-Project-master\\ 2 -f /Users/adityaborde/Self-Driving-Car-ND/Term\\ 3/P1/CarND-Path-Planning-Project-master\\ 2/CMakeScripts/ALL_BUILD_cmakeRulesBuildPhase.make$CONFIGURATION all";
			showEnvVarsInLog = 0;
		};
		E3CC53914E90471F9CF09C5D /* CMake Rules */ = {
			isa = PBXShellScriptBuildPhase;
			buildActionMask = 2147483647;
			files = (
			);
			name = "CMake Rules";
			runOnlyForDeploymentPostprocessing = 0;
			shellPath = /bin/sh;
			shellScript = "make -C /Users/adityaborde/Self-Driving-Car-ND/Term\\ 3/P1/CarND-Path-Planning-Project-master\\ 2 -f /Users/adityaborde/Self-Driving-Car-ND/Term\\ 3/P1/CarND-Path-Planning-Project-master\\ 2/CMakeScripts/ZERO_CHECK_cmakeRulesBuildPhase.make$CONFIGURATION all";
			showEnvVarsInLog = 0;
		};
/* End PBXShellScriptBuildPhase section */

/* Begin PBXSourcesBuildPhase section */
		524A82882AFD46A6A22D55C1 /* Sources */ = {
			isa = PBXSourcesBuildPhase;
			buildActionMask = 2147483647;
			files = (
				A5C15E122F374B59B15D2160 /* /Users/adityaborde/Self-Driving-Car-ND/Term 3/P1/CarND-Path-Planning-Project-master 2/src/main.cpp */,
			);
			runOnlyForDeploymentPostprocessing = 0;
		};
/* End PBXSourcesBuildPhase section */

/* Begin PBXTargetDependency section */
		41E18D567EAE4FBE923FFEA7 /* PBXTargetDependency */ = {
			isa = PBXTargetDependency;
			target = 30EB506B577A402AAB53F01B /* ZERO_CHECK */;
			targetProxy = 563D887BFD5C4C30A42AB724 /* PBXContainerItemProxy */;
		};
		4D3B2504A40E41FEA3FB4987 /* PBXTargetDependency */ = {
			isa = PBXTargetDependency;
			target = 30EB506B577A402AAB53F01B /* ZERO_CHECK */;
			targetProxy = D66DE2DC4EA34E23809B8169 /* PBXContainerItemProxy */;
		};
		F6355245CC9A449A9D39EFA7 /* PBXTargetDependency */ = {
			isa = PBXTargetDependency;
			target = 9A92B1FCB229410EBD4753DF /* path_planning */;
			targetProxy = 9129E07D7ADB47D3ACA8C457 /* PBXContainerItemProxy */;
		};
/* End PBXTargetDependency section */

/* Begin XCBuildConfiguration section */
		1FCA5334F5FF4219949D0868 /* RelWithDebInfo */ = {
			isa = XCBuildConfiguration;
			buildSettings = {
				ONLY_ACTIVE_ARCH = YES;
				SDKROOT = /Applications/Xcode.app/Contents/Developer/Platforms/MacOSX.platform/Developer/SDKs/MacOSX10.13.sdk;
				SYMROOT = "/Users/adityaborde/Self-Driving-Car-ND/Term 3/P1/CarND-Path-Planning-Project-master 2/build";
			};
			name = RelWithDebInfo;
		};
		380086A4B0C34FC2B994AEF9 /* RelWithDebInfo */ = {
			isa = XCBuildConfiguration;
			buildSettings = {
				COMBINE_HIDPI_IMAGES = YES;
				GCC_GENERATE_DEBUGGING_SYMBOLS = YES;
				GCC_INLINES_ARE_PRIVATE_EXTERN = NO;
				GCC_OPTIMIZATION_LEVEL = 0;
				GCC_PREPROCESSOR_DEFINITIONS = ("'CMAKE_INTDIR=\"$(CONFIGURATION)$(EFFECTIVE_PLATFORM_NAME)\"'");
				GCC_SYMBOLS_PRIVATE_EXTERN = NO;
				HEADER_SEARCH_PATHS = (/usr/local/include,/usr/local/opt/openssl/include);
				INSTALL_PATH = "";
				OTHER_LDFLAGS = " ";
				OTHER_REZFLAGS = "";
				PRODUCT_NAME = ALL_BUILD;
				SECTORDER_FLAGS = "";
				SYMROOT = "/Users/adityaborde/Self-Driving-Car-ND/Term 3/P1/CarND-Path-Planning-Project-master 2";
				USE_HEADERMAP = NO;
				WARNING_CFLAGS = ("-Wmost","-Wno-four-char-constants","-Wno-unknown-pragmas","$(inherited)");
			};
			name = RelWithDebInfo;
		};
		459B88806B934131929F6AF0 /* Debug */ = {
			isa = XCBuildConfiguration;
			buildSettings = {
				COMBINE_HIDPI_IMAGES = YES;
				EXECUTABLE_PREFIX = "";
				EXECUTABLE_SUFFIX = "";
				GCC_GENERATE_DEBUGGING_SYMBOLS = YES;
				GCC_INLINES_ARE_PRIVATE_EXTERN = NO;
				GCC_OPTIMIZATION_LEVEL = 0;
				GCC_PREPROCESSOR_DEFINITIONS = ("'CMAKE_INTDIR=\"$(CONFIGURATION)$(EFFECTIVE_PLATFORM_NAME)\"'");
				GCC_SYMBOLS_PRIVATE_EXTERN = NO;
				HEADER_SEARCH_PATHS = (/usr/local/include,/usr/local/opt/openssl/include);
				INSTALL_PATH = "";
				LD_RUNPATH_SEARCH_PATHS = "/usr/local/lib /usr/local/opt/openssl/lib /usr/local/Cellar/libuv/1.11.0/lib";
				LIBRARY_SEARCH_PATHS = " /usr/local/lib/$(CONFIGURATION)$(EFFECTIVE_PLATFORM_NAME) /usr/local/lib /usr/local/opt/openssl/lib/$(CONFIGURATION)$(EFFECTIVE_PLATFORM_NAME) /usr/local/opt/openssl/lib /usr/local/Cellar/libuv/1.11.0/lib/$(CONFIGURATION)$(EFFECTIVE_PLATFORM_NAME) /usr/local/Cellar/libuv/1.11.0/lib";
				OTHER_CPLUSPLUSFLAGS = "     -std=c++11";
				OTHER_LDFLAGS = " -Wl,-search_paths_first -Wl,-headerpad_max_install_names  -lz -lssl -luv -luWS";
				OTHER_REZFLAGS = "";
				PRODUCT_NAME = path_planning;
				SECTORDER_FLAGS = "";
				SYMROOT = "/Users/adityaborde/Self-Driving-Car-ND/Term 3/P1/CarND-Path-Planning-Project-master 2";
				USE_HEADERMAP = NO;
				WARNING_CFLAGS = ("-Wmost","-Wno-four-char-constants","-Wno-unknown-pragmas","$(inherited)");
			};
			name = Debug;
		};
		7DA4D7E26BA04C419B83E128 /* Release */ = {
			isa = XCBuildConfiguration;
			buildSettings = {
				COMBINE_HIDPI_IMAGES = YES;
				EXECUTABLE_PREFIX = "";
				EXECUTABLE_SUFFIX = "";
				GCC_GENERATE_DEBUGGING_SYMBOLS = NO;
				GCC_INLINES_ARE_PRIVATE_EXTERN = NO;
				GCC_OPTIMIZATION_LEVEL = 3;
				GCC_PREPROCESSOR_DEFINITIONS = ("'CMAKE_INTDIR=\"$(CONFIGURATION)$(EFFECTIVE_PLATFORM_NAME)\"'");
				GCC_SYMBOLS_PRIVATE_EXTERN = NO;
				HEADER_SEARCH_PATHS = (/usr/local/include,/usr/local/opt/openssl/include);
				INSTALL_PATH = "";
				LD_RUNPATH_SEARCH_PATHS = "/usr/local/lib /usr/local/opt/openssl/lib /usr/local/Cellar/libuv/1.11.0/lib";
				LIBRARY_SEARCH_PATHS = " /usr/local/lib/$(CONFIGURATION)$(EFFECTIVE_PLATFORM_NAME) /usr/local/lib /usr/local/opt/openssl/lib/$(CONFIGURATION)$(EFFECTIVE_PLATFORM_NAME) /usr/local/opt/openssl/lib /usr/local/Cellar/libuv/1.11.0/lib/$(CONFIGURATION)$(EFFECTIVE_PLATFORM_NAME) /usr/local/Cellar/libuv/1.11.0/lib";
				OTHER_CPLUSPLUSFLAGS = "    -DNDEBUG   -std=c++11";
				OTHER_LDFLAGS = " -Wl,-search_paths_first -Wl,-headerpad_max_install_names  -lz -lssl -luv -luWS";
				OTHER_REZFLAGS = "";
				PRODUCT_NAME = path_planning;
				SECTORDER_FLAGS = "";
				SYMROOT = "/Users/adityaborde/Self-Driving-Car-ND/Term 3/P1/CarND-Path-Planning-Project-master 2";
				USE_HEADERMAP = NO;
				WARNING_CFLAGS = ("-Wmost","-Wno-four-char-constants","-Wno-unknown-pragmas","$(inherited)");
			};
			name = Release;
		};
		932880C37D2842D099FC05E2 /* MinSizeRel */ = {
			isa = XCBuildConfiguration;
			buildSettings = {
				COMBINE_HIDPI_IMAGES = YES;
				EXECUTABLE_PREFIX = "";
				EXECUTABLE_SUFFIX = "";
				GCC_GENERATE_DEBUGGING_SYMBOLS = NO;
				GCC_INLINES_ARE_PRIVATE_EXTERN = NO;
				GCC_OPTIMIZATION_LEVEL = s;
				GCC_PREPROCESSOR_DEFINITIONS = ("'CMAKE_INTDIR=\"$(CONFIGURATION)$(EFFECTIVE_PLATFORM_NAME)\"'");
				GCC_SYMBOLS_PRIVATE_EXTERN = NO;
				HEADER_SEARCH_PATHS = (/usr/local/include,/usr/local/opt/openssl/include);
				INSTALL_PATH = "";
				LD_RUNPATH_SEARCH_PATHS = "/usr/local/lib /usr/local/opt/openssl/lib /usr/local/Cellar/libuv/1.11.0/lib";
				LIBRARY_SEARCH_PATHS = " /usr/local/lib/$(CONFIGURATION)$(EFFECTIVE_PLATFORM_NAME) /usr/local/lib /usr/local/opt/openssl/lib/$(CONFIGURATION)$(EFFECTIVE_PLATFORM_NAME) /usr/local/opt/openssl/lib /usr/local/Cellar/libuv/1.11.0/lib/$(CONFIGURATION)$(EFFECTIVE_PLATFORM_NAME) /usr/local/Cellar/libuv/1.11.0/lib";
				OTHER_CPLUSPLUSFLAGS = "    -DNDEBUG   -std=c++11";
				OTHER_LDFLAGS = " -Wl,-search_paths_first -Wl,-headerpad_max_install_names  -lz -lssl -luv -luWS";
				OTHER_REZFLAGS = "";
				PRODUCT_NAME = path_planning;
				SECTORDER_FLAGS = "";
				SYMROOT = "/Users/adityaborde/Self-Driving-Car-ND/Term 3/P1/CarND-Path-Planning-Project-master 2";
				USE_HEADERMAP = NO;
				WARNING_CFLAGS = ("-Wmost","-Wno-four-char-constants","-Wno-unknown-pragmas","$(inherited)");
			};
			name = MinSizeRel;
		};
		95A9879AF28C4FF88CC75395 /* Release */ = {
			isa = XCBuildConfiguration;
			buildSettings = {
				ONLY_ACTIVE_ARCH = YES;
				SDKROOT = /Applications/Xcode.app/Contents/Developer/Platforms/MacOSX.platform/Developer/SDKs/MacOSX10.13.sdk;
				SYMROOT = "/Users/adityaborde/Self-Driving-Car-ND/Term 3/P1/CarND-Path-Planning-Project-master 2/build";
			};
			name = Release;
		};
		986A81CA023D489B9246FE2D /* MinSizeRel */ = {
			isa = XCBuildConfiguration;
			buildSettings = {
				COMBINE_HIDPI_IMAGES = YES;
				GCC_GENERATE_DEBUGGING_SYMBOLS = YES;
				GCC_INLINES_ARE_PRIVATE_EXTERN = NO;
				GCC_OPTIMIZATION_LEVEL = 0;
				GCC_PREPROCESSOR_DEFINITIONS = ("'CMAKE_INTDIR=\"$(CONFIGURATION)$(EFFECTIVE_PLATFORM_NAME)\"'");
				GCC_SYMBOLS_PRIVATE_EXTERN = NO;
				HEADER_SEARCH_PATHS = (/usr/local/include,/usr/local/opt/openssl/include);
				INSTALL_PATH = "";
				OTHER_LDFLAGS = " ";
				OTHER_REZFLAGS = "";
				PRODUCT_NAME = ZERO_CHECK;
				SECTORDER_FLAGS = "";
				SYMROOT = "/Users/adityaborde/Self-Driving-Car-ND/Term 3/P1/CarND-Path-Planning-Project-master 2";
				USE_HEADERMAP = NO;
				WARNING_CFLAGS = ("-Wmost","-Wno-four-char-constants","-Wno-unknown-pragmas","$(inherited)");
			};
			name = MinSizeRel;
		};
		A72B2C8B19B64745ACCE8548 /* RelWithDebInfo */ = {
			isa = XCBuildConfiguration;
			buildSettings = {
				COMBINE_HIDPI_IMAGES = YES;
				GCC_GENERATE_DEBUGGING_SYMBOLS = YES;
				GCC_INLINES_ARE_PRIVATE_EXTERN = NO;
				GCC_OPTIMIZATION_LEVEL = 0;
				GCC_PREPROCESSOR_DEFINITIONS = ("'CMAKE_INTDIR=\"$(CONFIGURATION)$(EFFECTIVE_PLATFORM_NAME)\"'");
				GCC_SYMBOLS_PRIVATE_EXTERN = NO;
				HEADER_SEARCH_PATHS = (/usr/local/include,/usr/local/opt/openssl/include);
				INSTALL_PATH = "";
				OTHER_LDFLAGS = " ";
				OTHER_REZFLAGS = "";
				PRODUCT_NAME = ZERO_CHECK;
				SECTORDER_FLAGS = "";
				SYMROOT = "/Users/adityaborde/Self-Driving-Car-ND/Term 3/P1/CarND-Path-Planning-Project-master 2";
				USE_HEADERMAP = NO;
				WARNING_CFLAGS = ("-Wmost","-Wno-four-char-constants","-Wno-unknown-pragmas","$(inherited)");
			};
			name = RelWithDebInfo;
		};
		A84D1051AC164B419EE81E7E /* Debug */ = {
			isa = XCBuildConfiguration;
			buildSettings = {
				ONLY_ACTIVE_ARCH = YES;
				SDKROOT = /Applications/Xcode.app/Contents/Developer/Platforms/MacOSX.platform/Developer/SDKs/MacOSX10.13.sdk;
				SYMROOT = "/Users/adityaborde/Self-Driving-Car-ND/Term 3/P1/CarND-Path-Planning-Project-master 2/build";
			};
			name = Debug;
		};
		A9A768301F6549469F0D669D /* Debug */ = {
			isa = XCBuildConfiguration;
			buildSettings = {
				COMBINE_HIDPI_IMAGES = YES;
				GCC_GENERATE_DEBUGGING_SYMBOLS = YES;
				GCC_INLINES_ARE_PRIVATE_EXTERN = NO;
				GCC_OPTIMIZATION_LEVEL = 0;
				GCC_PREPROCESSOR_DEFINITIONS = ("'CMAKE_INTDIR=\"$(CONFIGURATION)$(EFFECTIVE_PLATFORM_NAME)\"'");
				GCC_SYMBOLS_PRIVATE_EXTERN = NO;
				HEADER_SEARCH_PATHS = (/usr/local/include,/usr/local/opt/openssl/include);
				INSTALL_PATH = "";
				OTHER_LDFLAGS = " ";
				OTHER_REZFLAGS = "";
				PRODUCT_NAME = ALL_BUILD;
				SECTORDER_FLAGS = "";
				SYMROOT = "/Users/adityaborde/Self-Driving-Car-ND/Term 3/P1/CarND-Path-Planning-Project-master 2";
				USE_HEADERMAP = NO;
				WARNING_CFLAGS = ("-Wmost","-Wno-four-char-constants","-Wno-unknown-pragmas","$(inherited)");
			};
			name = Debug;
		};
		BBB67085F251451491F1C912 /* Debug */ = {
			isa = XCBuildConfiguration;
			buildSettings = {
				COMBINE_HIDPI_IMAGES = YES;
				GCC_GENERATE_DEBUGGING_SYMBOLS = YES;
				GCC_INLINES_ARE_PRIVATE_EXTERN = NO;
				GCC_OPTIMIZATION_LEVEL = 0;
				GCC_PREPROCESSOR_DEFINITIONS = ("'CMAKE_INTDIR=\"$(CONFIGURATION)$(EFFECTIVE_PLATFORM_NAME)\"'");
				GCC_SYMBOLS_PRIVATE_EXTERN = NO;
				HEADER_SEARCH_PATHS = (/usr/local/include,/usr/local/opt/openssl/include);
				INSTALL_PATH = "";
				OTHER_LDFLAGS = " ";
				OTHER_REZFLAGS = "";
				PRODUCT_NAME = ZERO_CHECK;
				SECTORDER_FLAGS = "";
				SYMROOT = "/Users/adityaborde/Self-Driving-Car-ND/Term 3/P1/CarND-Path-Planning-Project-master 2";
				USE_HEADERMAP = NO;
				WARNING_CFLAGS = ("-Wmost","-Wno-four-char-constants","-Wno-unknown-pragmas","$(inherited)");
			};
			name = Debug;
		};
		CF76BB5F4BD14159B78F713F /* Release */ = {
			isa = XCBuildConfiguration;
			buildSettings = {
				COMBINE_HIDPI_IMAGES = YES;
				GCC_GENERATE_DEBUGGING_SYMBOLS = YES;
				GCC_INLINES_ARE_PRIVATE_EXTERN = NO;
				GCC_OPTIMIZATION_LEVEL = 0;
				GCC_PREPROCESSOR_DEFINITIONS = ("'CMAKE_INTDIR=\"$(CONFIGURATION)$(EFFECTIVE_PLATFORM_NAME)\"'");
				GCC_SYMBOLS_PRIVATE_EXTERN = NO;
				HEADER_SEARCH_PATHS = (/usr/local/include,/usr/local/opt/openssl/include);
				INSTALL_PATH = "";
				OTHER_LDFLAGS = " ";
				OTHER_REZFLAGS = "";
				PRODUCT_NAME = ALL_BUILD;
				SECTORDER_FLAGS = "";
				SYMROOT = "/Users/adityaborde/Self-Driving-Car-ND/Term 3/P1/CarND-Path-Planning-Project-master 2";
				USE_HEADERMAP = NO;
				WARNING_CFLAGS = ("-Wmost","-Wno-four-char-constants","-Wno-unknown-pragmas","$(inherited)");
			};
			name = Release;
		};
		DE4B44CA491B49F4929B9B2A /* Release */ = {
			isa = XCBuildConfiguration;
			buildSettings = {
				COMBINE_HIDPI_IMAGES = YES;
				GCC_GENERATE_DEBUGGING_SYMBOLS = YES;
				GCC_INLINES_ARE_PRIVATE_EXTERN = NO;
				GCC_OPTIMIZATION_LEVEL = 0;
				GCC_PREPROCESSOR_DEFINITIONS = ("'CMAKE_INTDIR=\"$(CONFIGURATION)$(EFFECTIVE_PLATFORM_NAME)\"'");
				GCC_SYMBOLS_PRIVATE_EXTERN = NO;
				HEADER_SEARCH_PATHS = (/usr/local/include,/usr/local/opt/openssl/include);
				INSTALL_PATH = "";
				OTHER_LDFLAGS = " ";
				OTHER_REZFLAGS = "";
				PRODUCT_NAME = ZERO_CHECK;
				SECTORDER_FLAGS = "";
				SYMROOT = "/Users/adityaborde/Self-Driving-Car-ND/Term 3/P1/CarND-Path-Planning-Project-master 2";
				USE_HEADERMAP = NO;
				WARNING_CFLAGS = ("-Wmost","-Wno-four-char-constants","-Wno-unknown-pragmas","$(inherited)");
			};
			name = Release;
		};
		DFA7EB987A0F4BF1B41B1DE8 /* MinSizeRel */ = {
			isa = XCBuildConfiguration;
			buildSettings = {
				ONLY_ACTIVE_ARCH = YES;
				SDKROOT = /Applications/Xcode.app/Contents/Developer/Platforms/MacOSX.platform/Developer/SDKs/MacOSX10.13.sdk;
				SYMROOT = "/Users/adityaborde/Self-Driving-Car-ND/Term 3/P1/CarND-Path-Planning-Project-master 2/build";
			};
			name = MinSizeRel;
		};
		E118AEDFAA6F4573B66CBAD6 /* RelWithDebInfo */ = {
			isa = XCBuildConfiguration;
			buildSettings = {
				COMBINE_HIDPI_IMAGES = YES;
				EXECUTABLE_PREFIX = "";
				EXECUTABLE_SUFFIX = "";
				GCC_GENERATE_DEBUGGING_SYMBOLS = YES;
				GCC_INLINES_ARE_PRIVATE_EXTERN = NO;
				GCC_OPTIMIZATION_LEVEL = 2;
				GCC_PREPROCESSOR_DEFINITIONS = ("'CMAKE_INTDIR=\"$(CONFIGURATION)$(EFFECTIVE_PLATFORM_NAME)\"'");
				GCC_SYMBOLS_PRIVATE_EXTERN = NO;
				HEADER_SEARCH_PATHS = (/usr/local/include,/usr/local/opt/openssl/include);
				INSTALL_PATH = "";
				LD_RUNPATH_SEARCH_PATHS = "/usr/local/lib /usr/local/opt/openssl/lib /usr/local/Cellar/libuv/1.11.0/lib";
				LIBRARY_SEARCH_PATHS = " /usr/local/lib/$(CONFIGURATION)$(EFFECTIVE_PLATFORM_NAME) /usr/local/lib /usr/local/opt/openssl/lib/$(CONFIGURATION)$(EFFECTIVE_PLATFORM_NAME) /usr/local/opt/openssl/lib /usr/local/Cellar/libuv/1.11.0/lib/$(CONFIGURATION)$(EFFECTIVE_PLATFORM_NAME) /usr/local/Cellar/libuv/1.11.0/lib";
				OTHER_CPLUSPLUSFLAGS = "       -DNDEBUG   -std=c++11";
				OTHER_LDFLAGS = " -Wl,-search_paths_first -Wl,-headerpad_max_install_names  -lz -lssl -luv -luWS";
				OTHER_REZFLAGS = "";
				PRODUCT_NAME = path_planning;
				SECTORDER_FLAGS = "";
				SYMROOT = "/Users/adityaborde/Self-Driving-Car-ND/Term 3/P1/CarND-Path-Planning-Project-master 2";
				USE_HEADERMAP = NO;
				WARNING_CFLAGS = ("-Wmost","-Wno-four-char-constants","-Wno-unknown-pragmas","$(inherited)");
			};
			name = RelWithDebInfo;
		};
		EE935AEA9D434E548038E8A2 /* MinSizeRel */ = {
			isa = XCBuildConfiguration;
			buildSettings = {
				COMBINE_HIDPI_IMAGES = YES;
				GCC_GENERATE_DEBUGGING_SYMBOLS = YES;
				GCC_INLINES_ARE_PRIVATE_EXTERN = NO;
				GCC_OPTIMIZATION_LEVEL = 0;
				GCC_PREPROCESSOR_DEFINITIONS = ("'CMAKE_INTDIR=\"$(CONFIGURATION)$(EFFECTIVE_PLATFORM_NAME)\"'");
				GCC_SYMBOLS_PRIVATE_EXTERN = NO;
				HEADER_SEARCH_PATHS = (/usr/local/include,/usr/local/opt/openssl/include);
				INSTALL_PATH = "";
				OTHER_LDFLAGS = " ";
				OTHER_REZFLAGS = "";
				PRODUCT_NAME = ALL_BUILD;
				SECTORDER_FLAGS = "";
				SYMROOT = "/Users/adityaborde/Self-Driving-Car-ND/Term 3/P1/CarND-Path-Planning-Project-master 2";
				USE_HEADERMAP = NO;
				WARNING_CFLAGS = ("-Wmost","-Wno-four-char-constants","-Wno-unknown-pragmas","$(inherited)");
			};
			name = MinSizeRel;
		};
/* End XCBuildConfiguration section */

/* Begin XCConfigurationList section */
		1A4634B6FF9C4F87BD76BBE7 /* Build configuration list for PBXAggregateTarget "ZERO_CHECK" */ = {
			isa = XCConfigurationList;
			buildConfigurations = (
				BBB67085F251451491F1C912 /* Debug */,
				DE4B44CA491B49F4929B9B2A /* Release */,
				986A81CA023D489B9246FE2D /* MinSizeRel */,
				A72B2C8B19B64745ACCE8548 /* RelWithDebInfo */,
			);
			defaultConfigurationIsVisible = 0;
			defaultConfigurationName = Debug;
		};
		905F4E7489D34509B70FBDF9 /* Build configuration list for PBXAggregateTarget "ALL_BUILD" */ = {
			isa = XCConfigurationList;
			buildConfigurations = (
				A9A768301F6549469F0D669D /* Debug */,
				CF76BB5F4BD14159B78F713F /* Release */,
				EE935AEA9D434E548038E8A2 /* MinSizeRel */,
				380086A4B0C34FC2B994AEF9 /* RelWithDebInfo */,
			);
			defaultConfigurationIsVisible = 0;
			defaultConfigurationName = Debug;
		};
		CE6C9F1A601843AEA3D4F9AC /* Build configuration list for PBXProject "Path_Planning" */ = {
			isa = XCConfigurationList;
			buildConfigurations = (
				A84D1051AC164B419EE81E7E /* Debug */,
				95A9879AF28C4FF88CC75395 /* Release */,
				DFA7EB987A0F4BF1B41B1DE8 /* MinSizeRel */,
				1FCA5334F5FF4219949D0868 /* RelWithDebInfo */,
			);
			defaultConfigurationIsVisible = 0;
			defaultConfigurationName = Debug;
		};
		EC093E8E49954EB78ACE750A /* Build configuration list for PBXNativeTarget "path_planning" */ = {
			isa = XCConfigurationList;
			buildConfigurations = (
				459B88806B934131929F6AF0 /* Debug */,
				7DA4D7E26BA04C419B83E128 /* Release */,
				932880C37D2842D099FC05E2 /* MinSizeRel */,
				E118AEDFAA6F4573B66CBAD6 /* RelWithDebInfo */,
			);
			defaultConfigurationIsVisible = 0;
			defaultConfigurationName = Debug;
		};
/* End XCConfigurationList section */
	};
	rootObject = AE15C21E436B4B49BF61655E /* Project object */;
}
